
Microsoft Visual Studio Solution File, Format Version 12.00
# Visual Studio Version 17
VisualStudioVersion = 17.7.34202.233
MinimumVisualStudioVersion = 10.0.40219.1
Project("{FAE04EC0-301F-11D3-BF4B-00C04F79EFBC}") = "YazGelLab", "YazGelLab\YazGelLab.csproj", "{217DE73B-5535-40EA-9394-3C9346C94E7C}"
EndProject
Global
	GlobalSection(SolutionConfigurationPlatforms) = preSolution
		Debug|Any CPU = Debug|Any CPU
		Release|Any CPU = Release|Any CPU
	EndGlobalSection
	GlobalSection(ProjectConfigurationPlatforms) = postSolution
		{217DE73B-5535-40EA-9394-3C9346C94E7C}.Debug|Any CPU.ActiveCfg = Debug|Any CPU
		{217DE73B-5535-40EA-9394-3C9346C94E7C}.Debug|Any CPU.Build.0 = Debug|Any CPU
		{217DE73B-5535-40EA-9394-3C9346C94E7C}.Release|Any CPU.ActiveCfg = Release|Any CPU
		{217DE73B-5535-40EA-9394-3C9346C94E7C}.Release|Any CPU.Build.0 = Release|Any CPU
	EndGlobalSection
	GlobalSection(SolutionProperties) = preSolution
		HideSolutionNode = FALSE
	EndGlobalSection
	GlobalSection(ExtensibilityGlobals) = postSolution
		SolutionGuid = {FE2988D5-B926-4D2C-8B1E-45B38EE13F92}
	EndGlobalSection
EndGlobal
